// !$*UTF8*$!
{
	archiveVersion = 1;
	classes = {
	};
	objectVersion = 55;
	objects = {

/* Begin PBXBuildFile section */
		80621CF3274C89BA0044D6B7 /* AppDelegate.swift in Sources */ = {isa = PBXBuildFile; fileRef = 80621CF2274C89BA0044D6B7 /* AppDelegate.swift */; };
		80621CF5274C89BA0044D6B7 /* SceneDelegate.swift in Sources */ = {isa = PBXBuildFile; fileRef = 80621CF4274C89BA0044D6B7 /* SceneDelegate.swift */; };
		80621CF7274C89BA0044D6B7 /* ViewController.swift in Sources */ = {isa = PBXBuildFile; fileRef = 80621CF6274C89BA0044D6B7 /* ViewController.swift */; };
		80621CFA274C89BA0044D6B7 /* Main.storyboard in Resources */ = {isa = PBXBuildFile; fileRef = 80621CF8274C89BA0044D6B7 /* Main.storyboard */; };
		80621CFD274C89BA0044D6B7 /* dietApp.xcdatamodeld in Sources */ = {isa = PBXBuildFile; fileRef = 80621CFB274C89BA0044D6B7 /* dietApp.xcdatamodeld */; };
		80621CFF274C89BB0044D6B7 /* Assets.xcassets in Resources */ = {isa = PBXBuildFile; fileRef = 80621CFE274C89BB0044D6B7 /* Assets.xcassets */; };
		80621D02274C89BB0044D6B7 /* LaunchScreen.storyboard in Resources */ = {isa = PBXBuildFile; fileRef = 80621D00274C89BB0044D6B7 /* LaunchScreen.storyboard */; };
		80621D0D274C89BB0044D6B7 /* dietAppTests.swift in Sources */ = {isa = PBXBuildFile; fileRef = 80621D0C274C89BB0044D6B7 /* dietAppTests.swift */; };
		80621D17274C89BB0044D6B7 /* dietAppUITests.swift in Sources */ = {isa = PBXBuildFile; fileRef = 80621D16274C89BB0044D6B7 /* dietAppUITests.swift */; };
		80621D19274C89BB0044D6B7 /* dietAppUITestsLaunchTests.swift in Sources */ = {isa = PBXBuildFile; fileRef = 80621D18274C89BB0044D6B7 /* dietAppUITestsLaunchTests.swift */; };
/* End PBXBuildFile section */

/* Begin PBXContainerItemProxy section */
		80621D09274C89BB0044D6B7 /* PBXContainerItemProxy */ = {
			isa = PBXContainerItemProxy;
			containerPortal = 80621CE7274C89BA0044D6B7 /* Project object */;
			proxyType = 1;
			remoteGlobalIDString = 80621CEE274C89BA0044D6B7;
			remoteInfo = dietApp;
		};
		80621D13274C89BB0044D6B7 /* PBXContainerItemProxy */ = {
			isa = PBXContainerItemProxy;
			containerPortal = 80621CE7274C89BA0044D6B7 /* Project object */;
			proxyType = 1;
			remoteGlobalIDString = 80621CEE274C89BA0044D6B7;
			remoteInfo = dietApp;
		};
/* End PBXContainerItemProxy section */

/* Begin PBXFileReference section */
		80621CEF274C89BA0044D6B7 /* dietApp.app */ = {isa = PBXFileReference; explicitFileType = wrapper.application; includeInIndex = 0; path = dietApp.app; sourceTree = BUILT_PRODUCTS_DIR; };
		80621CF2274C89BA0044D6B7 /* AppDelegate.swift */ = {isa = PBXFileReference; lastKnownFileType = sourcecode.swift; path = AppDelegate.swift; sourceTree = "<group>"; };
		80621CF4274C89BA0044D6B7 /* SceneDelegate.swift */ = {isa = PBXFileReference; lastKnownFileType = sourcecode.swift; path = SceneDelegate.swift; sourceTree = "<group>"; };
		80621CF6274C89BA0044D6B7 /* ViewController.swift */ = {isa = PBXFileReference; lastKnownFileType = sourcecode.swift; path = ViewController.swift; sourceTree = "<group>"; };
		80621CF9274C89BA0044D6B7 /* Base */ = {isa = PBXFileReference; lastKnownFileType = file.storyboard; name = Base; path = Base.lproj/Main.storyboard; sourceTree = "<group>"; };
		80621CFC274C89BA0044D6B7 /* dietApp.xcdatamodel */ = {isa = PBXFileReference; lastKnownFileType = wrapper.xcdatamodel; path = dietApp.xcdatamodel; sourceTree = "<group>"; };
		80621CFE274C89BB0044D6B7 /* Assets.xcassets */ = {isa = PBXFileReference; lastKnownFileType = folder.assetcatalog; path = Assets.xcassets; sourceTree = "<group>"; };
		80621D01274C89BB0044D6B7 /* Base */ = {isa = PBXFileReference; lastKnownFileType = file.storyboard; name = Base; path = Base.lproj/LaunchScreen.storyboard; sourceTree = "<group>"; };
		80621D03274C89BB0044D6B7 /* Info.plist */ = {isa = PBXFileReference; lastKnownFileType = text.plist.xml; path = Info.plist; sourceTree = "<group>"; };
		80621D08274C89BB0044D6B7 /* dietAppTests.xctest */ = {isa = PBXFileReference; explicitFileType = wrapper.cfbundle; includeInIndex = 0; path = dietAppTests.xctest; sourceTree = BUILT_PRODUCTS_DIR; };
		80621D0C274C89BB0044D6B7 /* dietAppTests.swift */ = {isa = PBXFileReference; lastKnownFileType = sourcecode.swift; path = dietAppTests.swift; sourceTree = "<group>"; };
		80621D12274C89BB0044D6B7 /* dietAppUITests.xctest */ = {isa = PBXFileReference; explicitFileType = wrapper.cfbundle; includeInIndex = 0; path = dietAppUITests.xctest; sourceTree = BUILT_PRODUCTS_DIR; };
		80621D16274C89BB0044D6B7 /* dietAppUITests.swift */ = {isa = PBXFileReference; lastKnownFileType = sourcecode.swift; path = dietAppUITests.swift; sourceTree = "<group>"; };
		80621D18274C89BB0044D6B7 /* dietAppUITestsLaunchTests.swift */ = {isa = PBXFileReference; lastKnownFileType = sourcecode.swift; path = dietAppUITestsLaunchTests.swift; sourceTree = "<group>"; };
/* End PBXFileReference section */

/* Begin PBXFrameworksBuildPhase section */
		80621CEC274C89BA0044D6B7 /* Frameworks */ = {
			isa = PBXFrameworksBuildPhase;
			buildActionMask = 2147483647;
			files = (
			);
			runOnlyForDeploymentPostprocessing = 0;
		};
		80621D05274C89BB0044D6B7 /* Frameworks */ = {
			isa = PBXFrameworksBuildPhase;
			buildActionMask = 2147483647;
			files = (
			);
			runOnlyForDeploymentPostprocessing = 0;
		};
		80621D0F274C89BB0044D6B7 /* Frameworks */ = {
			isa = PBXFrameworksBuildPhase;
			buildActionMask = 2147483647;
			files = (
			);
			runOnlyForDeploymentPostprocessing = 0;
		};
/* End PBXFrameworksBuildPhase section */

/* Begin PBXGroup section */
		80621CE6274C89BA0044D6B7 = {
			isa = PBXGroup;
			children = (
				80621CF1274C89BA0044D6B7 /* dietApp */,
				80621D0B274C89BB0044D6B7 /* dietAppTests */,
				80621D15274C89BB0044D6B7 /* dietAppUITests */,
				80621CF0274C89BA0044D6B7 /* Products */,
			);
			sourceTree = "<group>";
		};
		80621CF0274C89BA0044D6B7 /* Products */ = {
			isa = PBXGroup;
			children = (
				80621CEF274C89BA0044D6B7 /* dietApp.app */,
				80621D08274C89BB0044D6B7 /* dietAppTests.xctest */,
				80621D12274C89BB0044D6B7 /* dietAppUITests.xctest */,
			);
			name = Products;
			sourceTree = "<group>";
		};
		80621CF1274C89BA0044D6B7 /* dietApp */ = {
			isa = PBXGroup;
			children = (
				80621CF2274C89BA0044D6B7 /* AppDelegate.swift */,
				80621CF4274C89BA0044D6B7 /* SceneDelegate.swift */,
				80621CF6274C89BA0044D6B7 /* ViewController.swift */,
				80621CF8274C89BA0044D6B7 /* Main.storyboard */,
				80621CFE274C89BB0044D6B7 /* Assets.xcassets */,
				80621D00274C89BB0044D6B7 /* LaunchScreen.storyboard */,
				80621D03274C89BB0044D6B7 /* Info.plist */,
				80621CFB274C89BA0044D6B7 /* dietApp.xcdatamodeld */,
			);
			path = dietApp;
			sourceTree = "<group>";
		};
		80621D0B274C89BB0044D6B7 /* dietAppTests */ = {
			isa = PBXGroup;
			children = (
				80621D0C274C89BB0044D6B7 /* dietAppTests.swift */,
			);
			path = dietAppTests;
			sourceTree = "<group>";
		};
		80621D15274C89BB0044D6B7 /* dietAppUITests */ = {
			isa = PBXGroup;
			children = (
				80621D16274C89BB0044D6B7 /* dietAppUITests.swift */,
				80621D18274C89BB0044D6B7 /* dietAppUITestsLaunchTests.swift */,
			);
			path = dietAppUITests;
			sourceTree = "<group>";
		};
/* End PBXGroup section */

/* Begin PBXNativeTarget section */
		80621CEE274C89BA0044D6B7 /* dietApp */ = {
			isa = PBXNativeTarget;
			buildConfigurationList = 80621D1C274C89BB0044D6B7 /* Build configuration list for PBXNativeTarget "dietApp" */;
			buildPhases = (
				80621CEB274C89BA0044D6B7 /* Sources */,
				80621CEC274C89BA0044D6B7 /* Frameworks */,
				80621CED274C89BA0044D6B7 /* Resources */,
			);
			buildRules = (
			);
			dependencies = (
			);
			name = dietApp;
			productName = dietApp;
			productReference = 80621CEF274C89BA0044D6B7 /* dietApp.app */;
			productType = "com.apple.product-type.application";
		};
		80621D07274C89BB0044D6B7 /* dietAppTests */ = {
			isa = PBXNativeTarget;
			buildConfigurationList = 80621D1F274C89BB0044D6B7 /* Build configuration list for PBXNativeTarget "dietAppTests" */;
			buildPhases = (
				80621D04274C89BB0044D6B7 /* Sources */,
				80621D05274C89BB0044D6B7 /* Frameworks */,
				80621D06274C89BB0044D6B7 /* Resources */,
			);
			buildRules = (
			);
			dependencies = (
				80621D0A274C89BB0044D6B7 /* PBXTargetDependency */,
			);
			name = dietAppTests;
			productName = dietAppTests;
			productReference = 80621D08274C89BB0044D6B7 /* dietAppTests.xctest */;
			productType = "com.apple.product-type.bundle.unit-test";
		};
		80621D11274C89BB0044D6B7 /* dietAppUITests */ = {
			isa = PBXNativeTarget;
			buildConfigurationList = 80621D22274C89BB0044D6B7 /* Build configuration list for PBXNativeTarget "dietAppUITests" */;
			buildPhases = (
				80621D0E274C89BB0044D6B7 /* Sources */,
				80621D0F274C89BB0044D6B7 /* Frameworks */,
				80621D10274C89BB0044D6B7 /* Resources */,
			);
			buildRules = (
			);
			dependencies = (
				80621D14274C89BB0044D6B7 /* PBXTargetDependency */,
			);
			name = dietAppUITests;
			productName = dietAppUITests;
			productReference = 80621D12274C89BB0044D6B7 /* dietAppUITests.xctest */;
			productType = "com.apple.product-type.bundle.ui-testing";
		};
/* End PBXNativeTarget section */

/* Begin PBXProject section */
		80621CE7274C89BA0044D6B7 /* Project object */ = {
			isa = PBXProject;
			attributes = {
				BuildIndependentTargetsInParallel = 1;
				LastSwiftUpdateCheck = 1310;
				LastUpgradeCheck = 1310;
				TargetAttributes = {
					80621CEE274C89BA0044D6B7 = {
						CreatedOnToolsVersion = 13.1;
					};
					80621D07274C89BB0044D6B7 = {
						CreatedOnToolsVersion = 13.1;
						TestTargetID = 80621CEE274C89BA0044D6B7;
					};
					80621D11274C89BB0044D6B7 = {
						CreatedOnToolsVersion = 13.1;
						TestTargetID = 80621CEE274C89BA0044D6B7;
					};
				};
			};
			buildConfigurationList = 80621CEA274C89BA0044D6B7 /* Build configuration list for PBXProject "dietApp" */;
			compatibilityVersion = "Xcode 13.0";
			developmentRegion = en;
			hasScannedForEncodings = 0;
			knownRegions = (
				en,
				Base,
			);
			mainGroup = 80621CE6274C89BA0044D6B7;
			productRefGroup = 80621CF0274C89BA0044D6B7 /* Products */;
			projectDirPath = "";
			projectRoot = "";
			targets = (
				80621CEE274C89BA0044D6B7 /* dietApp */,
				80621D07274C89BB0044D6B7 /* dietAppTests */,
				80621D11274C89BB0044D6B7 /* dietAppUITests */,
			);
		};
/* End PBXProject section */

/* Begin PBXResourcesBuildPhase section */
		80621CED274C89BA0044D6B7 /* Resources */ = {
			isa = PBXResourcesBuildPhase;
			buildActionMask = 2147483647;
			files = (
				80621D02274C89BB0044D6B7 /* LaunchScreen.storyboard in Resources */,
				80621CFF274C89BB0044D6B7 /* Assets.xcassets in Resources */,
				80621CFA274C89BA0044D6B7 /* Main.storyboard in Resources */,
			);
			runOnlyForDeploymentPostprocessing = 0;
		};
		80621D06274C89BB0044D6B7 /* Resources */ = {
			isa = PBXResourcesBuildPhase;
			buildActionMask = 2147483647;
			files = (
			);
			runOnlyForDeploymentPostprocessing = 0;
		};
		80621D10274C89BB0044D6B7 /* Resources */ = {
			isa = PBXResourcesBuildPhase;
			buildActionMask = 2147483647;
			files = (
			);
			runOnlyForDeploymentPostprocessing = 0;
		};
/* End PBXResourcesBuildPhase section */

/* Begin PBXSourcesBuildPhase section */
		80621CEB274C89BA0044D6B7 /* Sources */ = {
			isa = PBXSourcesBuildPhase;
			buildActionMask = 2147483647;
			files = (
				80621CF7274C89BA0044D6B7 /* ViewController.swift in Sources */,
				80621CF3274C89BA0044D6B7 /* AppDelegate.swift in Sources */,
				80621CF5274C89BA0044D6B7 /* SceneDelegate.swift in Sources */,
				80621CFD274C89BA0044D6B7 /* dietApp.xcdatamodeld in Sources */,
			);
			runOnlyForDeploymentPostprocessing = 0;
		};
		80621D04274C89BB0044D6B7 /* Sources */ = {
			isa = PBXSourcesBuildPhase;
			buildActionMask = 2147483647;
			files = (
				80621D0D274C89BB0044D6B7 /* dietAppTests.swift in Sources */,
			);
			runOnlyForDeploymentPostprocessing = 0;
		};
		80621D0E274C89BB0044D6B7 /* Sources */ = {
			isa = PBXSourcesBuildPhase;
			buildActionMask = 2147483647;
			files = (
				80621D19274C89BB0044D6B7 /* dietAppUITestsLaunchTests.swift in Sources */,
				80621D17274C89BB0044D6B7 /* dietAppUITests.swift in Sources */,
			);
			runOnlyForDeploymentPostprocessing = 0;
		};
/* End PBXSourcesBuildPhase section */

/* Begin PBXTargetDependency section */
		80621D0A274C89BB0044D6B7 /* PBXTargetDependency */ = {
			isa = PBXTargetDependency;
			target = 80621CEE274C89BA0044D6B7 /* dietApp */;
			targetProxy = 80621D09274C89BB0044D6B7 /* PBXContainerItemProxy */;
		};
		80621D14274C89BB0044D6B7 /* PBXTargetDependency */ = {
			isa = PBXTargetDependency;
			target = 80621CEE274C89BA0044D6B7 /* dietApp */;
			targetProxy = 80621D13274C89BB0044D6B7 /* PBXContainerItemProxy */;
		};
/* End PBXTargetDependency section */

/* Begin PBXVariantGroup section */
		80621CF8274C89BA0044D6B7 /* Main.storyboard */ = {
			isa = PBXVariantGroup;
			children = (
				80621CF9274C89BA0044D6B7 /* Base */,
			);
			name = Main.storyboard;
			sourceTree = "<group>";
		};
		80621D00274C89BB0044D6B7 /* LaunchScreen.storyboard */ = {
			isa = PBXVariantGroup;
			children = (
				80621D01274C89BB0044D6B7 /* Base */,
			);
			name = LaunchScreen.storyboard;
			sourceTree = "<group>";
		};
/* End PBXVariantGroup section */

/* Begin XCBuildConfiguration section */
		80621D1A274C89BB0044D6B7 /* Debug */ = {
			isa = XCBuildConfiguration;
			buildSettings = {
				ALWAYS_SEARCH_USER_PATHS = NO;
				CLANG_ANALYZER_NONNULL = YES;
				CLANG_ANALYZER_NUMBER_OBJECT_CONVERSION = YES_AGGRESSIVE;
				CLANG_CXX_LANGUAGE_STANDARD = "gnu++17";
				CLANG_CXX_LIBRARY = "libc++";
				CLANG_ENABLE_MODULES = YES;
				CLANG_ENABLE_OBJC_ARC = YES;
				CLANG_ENABLE_OBJC_WEAK = YES;
				CLANG_WARN_BLOCK_CAPTURE_AUTORELEASING = YES;
				CLANG_WARN_BOOL_CONVERSION = YES;
				CLANG_WARN_COMMA = YES;
				CLANG_WARN_CONSTANT_CONVERSION = YES;
				CLANG_WARN_DEPRECATED_OBJC_IMPLEMENTATIONS = YES;
				CLANG_WARN_DIRECT_OBJC_ISA_USAGE = YES_ERROR;
				CLANG_WARN_DOCUMENTATION_COMMENTS = YES;
				CLANG_WARN_EMPTY_BODY = YES;
				CLANG_WARN_ENUM_CONVERSION = YES;
				CLANG_WARN_INFINITE_RECURSION = YES;
				CLANG_WARN_INT_CONVERSION = YES;
				CLANG_WARN_NON_LITERAL_NULL_CONVERSION = YES;
				CLANG_WARN_OBJC_IMPLICIT_RETAIN_SELF = YES;
				CLANG_WARN_OBJC_LITERAL_CONVERSION = YES;
				CLANG_WARN_OBJC_ROOT_CLASS = YES_ERROR;
				CLANG_WARN_QUOTED_INCLUDE_IN_FRAMEWORK_HEADER = YES;
				CLANG_WARN_RANGE_LOOP_ANALYSIS = YES;
				CLANG_WARN_STRICT_PROTOTYPES = YES;
				CLANG_WARN_SUSPICIOUS_MOVE = YES;
				CLANG_WARN_UNGUARDED_AVAILABILITY = YES_AGGRESSIVE;
				CLANG_WARN_UNREACHABLE_CODE = YES;
				CLANG_WARN__DUPLICATE_METHOD_MATCH = YES;
				COPY_PHASE_STRIP = NO;
				DEBUG_INFORMATION_FORMAT = dwarf;
				ENABLE_STRICT_OBJC_MSGSEND = YES;
				ENABLE_TESTABILITY = YES;
				GCC_C_LANGUAGE_STANDARD = gnu11;
				GCC_DYNAMIC_NO_PIC = NO;
				GCC_NO_COMMON_BLOCKS = YES;
				GCC_OPTIMIZATION_LEVEL = 0;
				GCC_PREPROCESSOR_DEFINITIONS = (
					"DEBUG=1",
					"$(inherited)",
				);
				GCC_WARN_64_TO_32_BIT_CONVERSION = YES;
				GCC_WARN_ABOUT_RETURN_TYPE = YES_ERROR;
				GCC_WARN_UNDECLARED_SELECTOR = YES;
				GCC_WARN_UNINITIALIZED_AUTOS = YES_AGGRESSIVE;
				GCC_WARN_UNUSED_FUNCTION = YES;
				GCC_WARN_UNUSED_VARIABLE = YES;
				IPHONEOS_DEPLOYMENT_TARGET = 15.0;
				MTL_ENABLE_DEBUG_INFO = INCLUDE_SOURCE;
				MTL_FAST_MATH = YES;
				ONLY_ACTIVE_ARCH = YES;
				SDKROOT = iphoneos;
				SWIFT_ACTIVE_COMPILATION_CONDITIONS = DEBUG;
				SWIFT_OPTIMIZATION_LEVEL = "-Onone";
			};
			name = Debug;
		};
		80621D1B274C89BB0044D6B7 /* Release */ = {
			isa = XCBuildConfiguration;
			buildSettings = {
				ALWAYS_SEARCH_USER_PATHS = NO;
				CLANG_ANALYZER_NONNULL = YES;
				CLANG_ANALYZER_NUMBER_OBJECT_CONVERSION = YES_AGGRESSIVE;
				CLANG_CXX_LANGUAGE_STANDARD = "gnu++17";
				CLANG_CXX_LIBRARY = "libc++";
				CLANG_ENABLE_MODULES = YES;
				CLANG_ENABLE_OBJC_ARC = YES;
				CLANG_ENABLE_OBJC_WEAK = YES;
				CLANG_WARN_BLOCK_CAPTURE_AUTORELEASING = YES;
				CLANG_WARN_BOOL_CONVERSION = YES;
				CLANG_WARN_COMMA = YES;
				CLANG_WARN_CONSTANT_CONVERSION = YES;
				CLANG_WARN_DEPRECATED_OBJC_IMPLEMENTATIONS = YES;
				CLANG_WARN_DIRECT_OBJC_ISA_USAGE = YES_ERROR;
				CLANG_WARN_DOCUMENTATION_COMMENTS = YES;
				CLANG_WARN_EMPTY_BODY = YES;
				CLANG_WARN_ENUM_CONVERSION = YES;
				CLANG_WARN_INFINITE_RECURSION = YES;
				CLANG_WARN_INT_CONVERSION = YES;
				CLANG_WARN_NON_LITERAL_NULL_CONVERSION = YES;
				CLANG_WARN_OBJC_IMPLICIT_RETAIN_SELF = YES;
				CLANG_WARN_OBJC_LITERAL_CONVERSION = YES;
				CLANG_WARN_OBJC_ROOT_CLASS = YES_ERROR;
				CLANG_WARN_QUOTED_INCLUDE_IN_FRAMEWORK_HEADER = YES;
				CLANG_WARN_RANGE_LOOP_ANALYSIS = YES;
				CLANG_WARN_STRICT_PROTOTYPES = YES;
				CLANG_WARN_SUSPICIOUS_MOVE = YES;
				CLANG_WARN_UNGUARDED_AVAILABILITY = YES_AGGRESSIVE;
				CLANG_WARN_UNREACHABLE_CODE = YES;
				CLANG_WARN__DUPLICATE_METHOD_MATCH = YES;
				COPY_PHASE_STRIP = NO;
				DEBUG_INFORMATION_FORMAT = "dwarf-with-dsym";
				ENABLE_NS_ASSERTIONS = NO;
				ENABLE_STRICT_OBJC_MSGSEND = YES;
				GCC_C_LANGUAGE_STANDARD = gnu11;
				GCC_NO_COMMON_BLOCKS = YES;
				GCC_WARN_64_TO_32_BIT_CONVERSION = YES;
				GCC_WARN_ABOUT_RETURN_TYPE = YES_ERROR;
				GCC_WARN_UNDECLARED_SELECTOR = YES;
				GCC_WARN_UNINITIALIZED_AUTOS = YES_AGGRESSIVE;
				GCC_WARN_UNUSED_FUNCTION = YES;
				GCC_WARN_UNUSED_VARIABLE = YES;
				IPHONEOS_DEPLOYMENT_TARGET = 15.0;
				MTL_ENABLE_DEBUG_INFO = NO;
				MTL_FAST_MATH = YES;
				SDKROOT = iphoneos;
				SWIFT_COMPILATION_MODE = wholemodule;
				SWIFT_OPTIMIZATION_LEVEL = "-O";
				VALIDATE_PRODUCT = YES;
			};
			name = Release;
		};
		80621D1D274C89BB0044D6B7 /* Debug */ = {
			isa = XCBuildConfiguration;
			buildSettings = {
				ASSETCATALOG_COMPILER_APPICON_NAME = AppIcon;
				ASSETCATALOG_COMPILER_GLOBAL_ACCENT_COLOR_NAME = AccentColor;
				CODE_SIGN_STYLE = Automatic;
				CURRENT_PROJECT_VERSION = 1;
				DEVELOPMENT_TEAM = W2BQ443478;
				GENERATE_INFOPLIST_FILE = YES;
				INFOPLIST_FILE = dietApp/Info.plist;
				INFOPLIST_KEY_UIApplicationSupportsIndirectInputEvents = YES;
				INFOPLIST_KEY_UILaunchStoryboardName = LaunchScreen;
				INFOPLIST_KEY_UIMainStoryboardFile = Main;
				INFOPLIST_KEY_UISupportedInterfaceOrientations_iPad = "UIInterfaceOrientationPortrait UIInterfaceOrientationPortraitUpsideDown UIInterfaceOrientationLandscapeLeft UIInterfaceOrientationLandscapeRight";
				INFOPLIST_KEY_UISupportedInterfaceOrientations_iPhone = "UIInterfaceOrientationPortrait UIInterfaceOrientationLandscapeLeft UIInterfaceOrientationLandscapeRight";
				LD_RUNPATH_SEARCH_PATHS = (
					"$(inherited)",
					"@executable_path/Frameworks",
				);
				MARKETING_VERSION = 1.0;
				PRODUCT_BUNDLE_IDENTIFIER = jp.kbanchi1111.dietApp;
				PRODUCT_NAME = "$(TARGET_NAME)";
				SWIFT_EMIT_LOC_STRINGS = YES;
				SWIFT_VERSION = 5.0;
				TARGETED_DEVICE_FAMILY = "1,2";
			};
			name = Debug;
		};
		80621D1E274C89BB0044D6B7 /* Release */ = {
			isa = XCBuildConfiguration;
			buildSettings = {
				ASSETCATALOG_COMPILER_APPICON_NAME = AppIcon;
				ASSETCATALOG_COMPILER_GLOBAL_ACCENT_COLOR_NAME = AccentColor;
				CODE_SIGN_STYLE = Automatic;
				CURRENT_PROJECT_VERSION = 1;
				DEVELOPMENT_TEAM = W2BQ443478;
				GENERATE_INFOPLIST_FILE = YES;
				INFOPLIST_FILE = dietApp/Info.plist;
				INFOPLIST_KEY_UIApplicationSupportsIndirectInputEvents = YES;
				INFOPLIST_KEY_UILaunchStoryboardName = LaunchScreen;
				INFOPLIST_KEY_UIMainStoryboardFile = Main;
				INFOPLIST_KEY_UISupportedInterfaceOrientations_iPad = "UIInterfaceOrientationPortrait UIInterfaceOrientationPortraitUpsideDown UIInterfaceOrientationLandscapeLeft UIInterfaceOrientationLandscapeRight";
				INFOPLIST_KEY_UISupportedInterfaceOrientations_iPhone = "UIInterfaceOrientationPortrait UIInterfaceOrientationLandscapeLeft UIInterfaceOrientationLandscapeRight";
				LD_RUNPATH_SEARCH_PATHS = (
					"$(inherited)",
					"@executable_path/Frameworks",
				);
				MARKETING_VERSION = 1.0;
				PRODUCT_BUNDLE_IDENTIFIER = jp.kbanchi1111.dietApp;
				PRODUCT_NAME = "$(TARGET_NAME)";
				SWIFT_EMIT_LOC_STRINGS = YES;
				SWIFT_VERSION = 5.0;
				TARGETED_DEVICE_FAMILY = "1,2";
			};
			name = Release;
		};
		80621D20274C89BB0044D6B7 /* Debug */ = {
			isa = XCBuildConfiguration;
			buildSettings = {
				ALWAYS_EMBED_SWIFT_STANDARD_LIBRARIES = YES;
				BUNDLE_LOADER = "$(TEST_HOST)";
				CODE_SIGN_STYLE = Automatic;
				CURRENT_PROJECT_VERSION = 1;
				DEVELOPMENT_TEAM = W2BQ443478;
				GENERATE_INFOPLIST_FILE = YES;
				IPHONEOS_DEPLOYMENT_TARGET = 15.0;
				LD_RUNPATH_SEARCH_PATHS = (
					"$(inherited)",
					"@executable_path/Frameworks",
					"@loader_path/Frameworks",
				);
				MARKETING_VERSION = 1.0;
				PRODUCT_BUNDLE_IDENTIFIER = jp.kbanchi1111.dietAppTests;
				PRODUCT_NAME = "$(TARGET_NAME)";
				SWIFT_EMIT_LOC_STRINGS = NO;
				SWIFT_VERSION = 5.0;
				TARGETED_DEVICE_FAMILY = "1,2";
				TEST_HOST = "$(BUILT_PRODUCTS_DIR)/dietApp.app/dietApp";
			};
			name = Debug;
		};
		80621D21274C89BB0044D6B7 /* Release */ = {
			isa = XCBuildConfiguration;
			buildSettings = {
				ALWAYS_EMBED_SWIFT_STANDARD_LIBRARIES = YES;
				BUNDLE_LOADER = "$(TEST_HOST)";
				CODE_SIGN_STYLE = Automatic;
				CURRENT_PROJECT_VERSION = 1;
				DEVELOPMENT_TEAM = W2BQ443478;
				GENERATE_INFOPLIST_FILE = YES;
				IPHONEOS_DEPLOYMENT_TARGET = 15.0;
				LD_RUNPATH_SEARCH_PATHS = (
					"$(inherited)",
					"@executable_path/Frameworks",
					"@loader_path/Frameworks",
				);
				MARKETING_VERSION = 1.0;
				PRODUCT_BUNDLE_IDENTIFIER = jp.kbanchi1111.dietAppTests;
				PRODUCT_NAME = "$(TARGET_NAME)";
				SWIFT_EMIT_LOC_STRINGS = NO;
				SWIFT_VERSION = 5.0;
				TARGETED_DEVICE_FAMILY = "1,2";
				TEST_HOST = "$(BUILT_PRODUCTS_DIR)/dietApp.app/dietApp";
			};
			name = Release;
		};
		80621D23274C89BB0044D6B7 /* Debug */ = {
			isa = XCBuildConfiguration;
			buildSettings = {
				ALWAYS_EMBED_SWIFT_STANDARD_LIBRARIES = YES;
				CODE_SIGN_STYLE = Automatic;
				CURRENT_PROJECT_VERSION = 1;
				DEVELOPMENT_TEAM = W2BQ443478;
				GENERATE_INFOPLIST_FILE = YES;
				LD_RUNPATH_SEARCH_PATHS = (
					"$(inherited)",
					"@executable_path/Frameworks",
					"@loader_path/Frameworks",
				);
				MARKETING_VERSION = 1.0;
				PRODUCT_BUNDLE_IDENTIFIER = jp.kbanchi1111.dietAppUITests;
				PRODUCT_NAME = "$(TARGET_NAME)";
				SWIFT_EMIT_LOC_STRINGS = NO;
				SWIFT_VERSION = 5.0;
				TARGETED_DEVICE_FAMILY = "1,2";
				TEST_TARGET_NAME = dietApp;
			};
			name = Debug;
		};
		80621D24274C89BB0044D6B7 /* Release */ = {
			isa = XCBuildConfiguration;
			buildSettings = {
				ALWAYS_EMBED_SWIFT_STANDARD_LIBRARIES = YES;
				CODE_SIGN_STYLE = Automatic;
				CURRENT_PROJECT_VERSION = 1;
				DEVELOPMENT_TEAM = W2BQ443478;
				GENERATE_INFOPLIST_FILE = YES;
				LD_RUNPATH_SEARCH_PATHS = (
					"$(inherited)",
					"@executable_path/Frameworks",
					"@loader_path/Frameworks",
				);
				MARKETING_VERSION = 1.0;
				PRODUCT_BUNDLE_IDENTIFIER = jp.kbanchi1111.dietAppUITests;
				PRODUCT_NAME = "$(TARGET_NAME)";
				SWIFT_EMIT_LOC_STRINGS = NO;
				SWIFT_VERSION = 5.0;
				TARGETED_DEVICE_FAMILY = "1,2";
				TEST_TARGET_NAME = dietApp;
			};
			name = Release;
		};
/* End XCBuildConfiguration section */

/* Begin XCConfigurationList section */
		80621CEA274C89BA0044D6B7 /* Build configuration list for PBXProject "dietApp" */ = {
			isa = XCConfigurationList;
			buildConfigurations = (
				80621D1A274C89BB0044D6B7 /* Debug */,
				80621D1B274C89BB0044D6B7 /* Release */,
			);
			defaultConfigurationIsVisible = 0;
			defaultConfigurationName = Release;
		};
		80621D1C274C89BB0044D6B7 /* Build configuration list for PBXNativeTarget "dietApp" */ = {
			isa = XCConfigurationList;
			buildConfigurations = (
				80621D1D274C89BB0044D6B7 /* Debug */,
				80621D1E274C89BB0044D6B7 /* Release */,
			);
			defaultConfigurationIsVisible = 0;
			defaultConfigurationName = Release;
		};
		80621D1F274C89BB0044D6B7 /* Build configuration list for PBXNativeTarget "dietAppTests" */ = {
			isa = XCConfigurationList;
			buildConfigurations = (
				80621D20274C89BB0044D6B7 /* Debug */,
				80621D21274C89BB0044D6B7 /* Release */,
			);
			defaultConfigurationIsVisible = 0;
			defaultConfigurationName = Release;
		};
		80621D22274C89BB0044D6B7 /* Build configuration list for PBXNativeTarget "dietAppUITests" */ = {
			isa = XCConfigurationList;
			buildConfigurations = (
				80621D23274C89BB0044D6B7 /* Debug */,
				80621D24274C89BB0044D6B7 /* Release */,
			);
			defaultConfigurationIsVisible = 0;
			defaultConfigurationName = Release;
		};
/* End XCConfigurationList section */

/* Begin XCVersionGroup section */
		80621CFB274C89BA0044D6B7 /* dietApp.xcdatamodeld */ = {
			isa = XCVersionGroup;
			children = (
				80621CFC274C89BA0044D6B7 /* dietApp.xcdatamodel */,
			);
			currentVersion = 80621CFC274C89BA0044D6B7 /* dietApp.xcdatamodel */;
			path = dietApp.xcdatamodeld;
			sourceTree = "<group>";
			versionGroupType = wrapper.xcdatamodel;
		};
/* End XCVersionGroup section */
	};
	rootObject = 80621CE7274C89BA0044D6B7 /* Project object */;
}
